
Microsoft Visual Studio Solution File, Format Version 12.00
# Visual Studio Version 17
VisualStudioVersion = 17.7.34221.43
MinimumVisualStudioVersion = 10.0.40219.1
Project("{FAE04EC0-301F-11D3-BF4B-00C04F79EFBC}") = "ContactUs", "ContactUs\ContactUs.csproj", "{EDCE8F75-0F67-4795-A31C-DFF2FB5C90E5}"
EndProject
Global
	GlobalSection(SolutionConfigurationPlatforms) = preSolution
		Debug|Any CPU = Debug|Any CPU
		Release|Any CPU = Release|Any CPU
	EndGlobalSection
	GlobalSection(ProjectConfigurationPlatforms) = postSolution
		{EDCE8F75-0F67-4795-A31C-DFF2FB5C90E5}.Debug|Any CPU.ActiveCfg = Debug|Any CPU
		{EDCE8F75-0F67-4795-A31C-DFF2FB5C90E5}.Debug|Any CPU.Build.0 = Debug|Any CPU
		{EDCE8F75-0F67-4795-A31C-DFF2FB5C90E5}.Release|Any CPU.ActiveCfg = Release|Any CPU
		{EDCE8F75-0F67-4795-A31C-DFF2FB5C90E5}.Release|Any CPU.Build.0 = Release|Any CPU
	EndGlobalSection
	GlobalSection(SolutionProperties) = preSolution
		HideSolutionNode = FALSE
	EndGlobalSection
	GlobalSection(ExtensibilityGlobals) = postSolution
		SolutionGuid = {FDF14D8F-D5E7-4DC1-B6CF-EE57F835FDD1}
	EndGlobalSection
EndGlobal
